// !$*UTF8*$!
{
	archiveVersion = 1;
	classes = {
	};
	objectVersion = 46;
	objects = {

/* Begin PBXBuildFile section */
		1D3623260D0F684500981E51 /* BladeGuardTrackerAppDelegate.m in Sources */ = {isa = PBXBuildFile; fileRef = 1D3623250D0F684500981E51 /* BladeGuardTrackerAppDelegate.m */; };
		1D60589B0D05DD56006BFB54 /* main.m in Sources */ = {isa = PBXBuildFile; fileRef = 29B97316FDCFA39411CA2CEA /* main.m */; };
		1D60589F0D05DD5A006BFB54 /* Foundation.framework in Frameworks */ = {isa = PBXBuildFile; fileRef = 1D30AB110D05D00D00671497 /* Foundation.framework */; };
		1DF5F4E00D08C38300B7A737 /* UIKit.framework in Frameworks */ = {isa = PBXBuildFile; fileRef = 1DF5F4DF0D08C38300B7A737 /* UIKit.framework */; };
		288765A50DF7441C002DB57D /* CoreGraphics.framework in Frameworks */ = {isa = PBXBuildFile; fileRef = 288765A40DF7441C002DB57D /* CoreGraphics.framework */; };
		28D7ACF80DDB3853001CB0EB /* BladeGuardTrackerViewController.m in Sources */ = {isa = PBXBuildFile; fileRef = 28D7ACF70DDB3853001CB0EB /* BladeGuardTrackerViewController.m */; };
		3612C0C016B8602600F4811B /* Default-568h@2x.png in Resources */ = {isa = PBXBuildFile; fileRef = 3612C0BF16B8602600F4811B /* Default-568h@2x.png */; };
		3612C0C516B893B300F4811B /* BGTUpdateRegistrationCommand.m in Sources */ = {isa = PBXBuildFile; fileRef = 3612C0C416B893B300F4811B /* BGTUpdateRegistrationCommand.m */; };
		3612C0CC16BC186C00F4811B /* BGTSettingsViewController.m in Sources */ = {isa = PBXBuildFile; fileRef = 3612C0CB16BC186C00F4811B /* BGTSettingsViewController.m */; };
		3612C0CE16BC294F00F4811B /* FacebookSDK.framework in Frameworks */ = {isa = PBXBuildFile; fileRef = 3612C0CD16BC294F00F4811B /* FacebookSDK.framework */; };
		3612C0D016BC298C00F4811B /* Accounts.framework in Frameworks */ = {isa = PBXBuildFile; fileRef = 3612C0CF16BC298C00F4811B /* Accounts.framework */; settings = {ATTRIBUTES = (Weak, ); }; };
		3612C0D216BC299700F4811B /* AdSupport.framework in Frameworks */ = {isa = PBXBuildFile; fileRef = 3612C0D116BC299700F4811B /* AdSupport.framework */; settings = {ATTRIBUTES = (Weak, ); }; };
		3612C0D416BC299D00F4811B /* Social.framework in Frameworks */ = {isa = PBXBuildFile; fileRef = 3612C0D316BC299D00F4811B /* Social.framework */; settings = {ATTRIBUTES = (Weak, ); }; };
		3612C0D716BC494200F4811B /* BGTFacebookLoginCommand.m in Sources */ = {isa = PBXBuildFile; fileRef = 3612C0D616BC494200F4811B /* BGTFacebookLoginCommand.m */; };
		3612C0DA16BD404300F4811B /* BGTAuthCommand.m in Sources */ = {isa = PBXBuildFile; fileRef = 3612C0D916BD404300F4811B /* BGTAuthCommand.m */; };
		361531D015A7605200B6FA79 /* CFNetwork.framework in Frameworks */ = {isa = PBXBuildFile; fileRef = 361531CF15A7605200B6FA79 /* CFNetwork.framework */; };
		3626922016BDAE2400A9B9E0 /* BGTRegisterViewController.m in Sources */ = {isa = PBXBuildFile; fileRef = 3626921F16BDAE2400A9B9E0 /* BGTRegisterViewController.m */; };
		362D44A915C9BBD100D43E22 /* Localizable.strings in Resources */ = {isa = PBXBuildFile; fileRef = 362D44AB15C9BBD100D43E22 /* Localizable.strings */; };
		362D44B515C9BE0600D43E22 /* Storyboard.storyboard in Resources */ = {isa = PBXBuildFile; fileRef = 362D44B615C9BE0600D43E22 /* Storyboard.storyboard */; };
		3678B2C715D591600017ABA5 /* CoreImage.framework in Frameworks */ = {isa = PBXBuildFile; fileRef = 3678B2C615D591600017ABA5 /* CoreImage.framework */; };
		3678B2CA15D592A80017ABA5 /* BGTTeam.m in Sources */ = {isa = PBXBuildFile; fileRef = 3678B2C915D592A80017ABA5 /* BGTTeam.m */; };
		3678B2CD15D5973C0017ABA5 /* BGTUserMarker.m in Sources */ = {isa = PBXBuildFile; fileRef = 3678B2CC15D5973C0017ABA5 /* BGTUserMarker.m */; };
		3678B2D015D597610017ABA5 /* BGTUser.m in Sources */ = {isa = PBXBuildFile; fileRef = 3678B2CF15D597610017ABA5 /* BGTUser.m */; };
		3678B2D315D841E70017ABA5 /* BGTColorManipulation.m in Sources */ = {isa = PBXBuildFile; fileRef = 3678B2D215D841E70017ABA5 /* BGTColorManipulation.m */; };
		3678B2D615D846970017ABA5 /* pin_common@2x.png in Resources */ = {isa = PBXBuildFile; fileRef = 3678B2D415D846970017ABA5 /* pin_common@2x.png */; };
		3678B2D715D846970017ABA5 /* pin@2x.png in Resources */ = {isa = PBXBuildFile; fileRef = 3678B2D515D846970017ABA5 /* pin@2x.png */; };
		3678B2D915D84C710017ABA5 /* pin_common.png in Resources */ = {isa = PBXBuildFile; fileRef = 3678B2D815D84C710017ABA5 /* pin_common.png */; };
		3678B2DB15D84C7E0017ABA5 /* pin.png in Resources */ = {isa = PBXBuildFile; fileRef = 3678B2DA15D84C7E0017ABA5 /* pin.png */; };
		367BBFEA16B5C73F00B64DCF /* ampel_gruen.png in Resources */ = {isa = PBXBuildFile; fileRef = 367BBFE816B5C73F00B64DCF /* ampel_gruen.png */; };
		367BBFEB16B5C73F00B64DCF /* ampel_rot.png in Resources */ = {isa = PBXBuildFile; fileRef = 367BBFE916B5C73F00B64DCF /* ampel_rot.png */; };
		367BBFF316B720C800B64DCF /* BGTEventTableViewCell.m in Sources */ = {isa = PBXBuildFile; fileRef = 367BBFF216B720C800B64DCF /* BGTEventTableViewCell.m */; };
		36912EF715C5D83F00B626B8 /* box.png in Resources */ = {isa = PBXBuildFile; fileRef = 36912EF615C5D83F00B626B8 /* box.png */; };
		369D541616AC684700FC9A48 /* BGTGetEventsCommand.m in Sources */ = {isa = PBXBuildFile; fileRef = 369D541516AC684700FC9A48 /* BGTGetEventsCommand.m */; };
		36A3082516ADD92D001044D7 /* BGTEvent.m in Sources */ = {isa = PBXBuildFile; fileRef = 36A3082416ADD92D001044D7 /* BGTEvent.m */; };
		36A3082816AF1D2F001044D7 /* BGTEventList.m in Sources */ = {isa = PBXBuildFile; fileRef = 36A3082716AF1D2F001044D7 /* BGTEventList.m */; };
		36A3082C16AF2750001044D7 /* BGTEventViewController.m in Sources */ = {isa = PBXBuildFile; fileRef = 36A3082B16AF2750001044D7 /* BGTEventViewController.m */; };
		36A3083016AF3617001044D7 /* BGTStatisticsView.m in Sources */ = {isa = PBXBuildFile; fileRef = 36A3082F16AF3617001044D7 /* BGTStatisticsView.m */; };
		36A3083716B08CE7001044D7 /* BGTSubscribeUpdatesCommand.m in Sources */ = {isa = PBXBuildFile; fileRef = 36A3083616B08CE7001044D7 /* BGTSubscribeUpdatesCommand.m */; };
		36A3083A16B095A6001044D7 /* BGTUnsubscribeUpdatesCommand.m in Sources */ = {isa = PBXBuildFile; fileRef = 36A3083916B095A6001044D7 /* BGTUnsubscribeUpdatesCommand.m */; };
		36A3083C16B1BA30001044D7 /* config.plist in Resources */ = {isa = PBXBuildFile; fileRef = 36A3083B16B1BA30001044D7 /* config.plist */; };
		36A3084416B3331E001044D7 /* icon.png in Resources */ = {isa = PBXBuildFile; fileRef = 36A3084316B3331E001044D7 /* icon.png */; };
		36A3084716B46E41001044D7 /* BGTLogCommand.m in Sources */ = {isa = PBXBuildFile; fileRef = 36A3084616B46E40001044D7 /* BGTLogCommand.m */; };
		36A3084A16B47001001044D7 /* BGTQuitCommand.m in Sources */ = {isa = PBXBuildFile; fileRef = 36A3084916B47000001044D7 /* BGTQuitCommand.m */; };
		36A3084D16B544B0001044D7 /* BGTNavigationBar.m in Sources */ = {isa = PBXBuildFile; fileRef = 36A3084C16B544AE001044D7 /* BGTNavigationBar.m */; };
		36A3085116B5BAB0001044D7 /* BGTWeatherView.m in Sources */ = {isa = PBXBuildFile; fileRef = 36A3085016B5BAB0001044D7 /* BGTWeatherView.m */; };
		36AA640315B30AD200128DA0 /* BGTStatisticsViewController.m in Sources */ = {isa = PBXBuildFile; fileRef = 36AA640215B30AD200128DA0 /* BGTStatisticsViewController.m */; };
		36AA640515B310C500128DA0 /* MapKit.framework in Frameworks */ = {isa = PBXBuildFile; fileRef = 36AA640415B310C500128DA0 /* MapKit.framework */; };
		36AA640815B314AD00128DA0 /* BGTMapViewController.m in Sources */ = {isa = PBXBuildFile; fileRef = 36AA640715B314AD00128DA0 /* BGTMapViewController.m */; };
		36AA642815B8A37500128DA0 /* server.crt in Resources */ = {isa = PBXBuildFile; fileRef = 36AA642715B8A37500128DA0 /* server.crt */; };
		36AB05B215A9FE7E00560928 /* Security.framework in Frameworks */ = {isa = PBXBuildFile; fileRef = 36AB05B115A9FE7E00560928 /* Security.framework */; };
		36AB05B415A9FE8B00560928 /* libicucore.dylib in Frameworks */ = {isa = PBXBuildFile; fileRef = 36AB05B315A9FE8B00560928 /* libicucore.dylib */; };
		36AB05B715A9FEFF00560928 /* BGTSocket.m in Sources */ = {isa = PBXBuildFile; fileRef = 36AB05B615A9FEFF00560928 /* BGTSocket.m */; };
		36AB05B915AA161500560928 /* libSocketRocket.a in Frameworks */ = {isa = PBXBuildFile; fileRef = 36AB05B815AA161500560928 /* libSocketRocket.a */; };
		36AB05BB15AA1BAE00560928 /* CoreLocation.framework in Frameworks */ = {isa = PBXBuildFile; fileRef = 36AB05BA15AA1BAE00560928 /* CoreLocation.framework */; };
		36AB05BF15AA1FCB00560928 /* GPSDelegate.m in Sources */ = {isa = PBXBuildFile; fileRef = 36AB05BE15AA1FCB00560928 /* GPSDelegate.m */; };
		36AB05D415AA31BA00560928 /* libsbjson-ios.a in Frameworks */ = {isa = PBXBuildFile; fileRef = 36AB05D315AA31BA00560928 /* libsbjson-ios.a */; };
		36AB05D915AB69C100560928 /* BGTSocketCommand.m in Sources */ = {isa = PBXBuildFile; fileRef = 36AB05D815AB69C000560928 /* BGTSocketCommand.m */; };
		36AB05F015ACA79300560928 /* icon-57.png in Resources */ = {isa = PBXBuildFile; fileRef = 36AB05EF15ACA79300560928 /* icon-57.png */; };
		36AB05F215ACA7A200560928 /* icon-114.png in Resources */ = {isa = PBXBuildFile; fileRef = 36AB05F115ACA7A200560928 /* icon-114.png */; };
		36AB05F415ACA7AE00560928 /* icon-72.png in Resources */ = {isa = PBXBuildFile; fileRef = 36AB05F315ACA7AE00560928 /* icon-72.png */; };
		36AB05F615ACA7B100560928 /* icon-144.png in Resources */ = {isa = PBXBuildFile; fileRef = 36AB05F515ACA7B100560928 /* icon-144.png */; };
		36EBD88A16BDBA37001EB2F7 /* BGTSignupCommand.m in Sources */ = {isa = PBXBuildFile; fileRef = 36EBD88916BDBA37001EB2F7 /* BGTSignupCommand.m */; };
		36EBD88D16BDC35B001EB2F7 /* settings.png in Resources */ = {isa = PBXBuildFile; fileRef = 36EBD88B16BDC35B001EB2F7 /* settings.png */; };
		36EBD88E16BDC35B001EB2F7 /* settings@2x.png in Resources */ = {isa = PBXBuildFile; fileRef = 36EBD88C16BDC35B001EB2F7 /* settings@2x.png */; };
		36EBD89416BEAB20001EB2F7 /* BGTGPSUnavailableCommand.m in Sources */ = {isa = PBXBuildFile; fileRef = 36EBD89316BEAB1F001EB2F7 /* BGTGPSUnavailableCommand.m */; };
/* End PBXBuildFile section */

/* Begin PBXFileReference section */
		1D30AB110D05D00D00671497 /* Foundation.framework */ = {isa = PBXFileReference; lastKnownFileType = wrapper.framework; name = Foundation.framework; path = System/Library/Frameworks/Foundation.framework; sourceTree = SDKROOT; };
		1D3623240D0F684500981E51 /* BladeGuardTrackerAppDelegate.h */ = {isa = PBXFileReference; fileEncoding = 4; lastKnownFileType = sourcecode.c.h; path = BladeGuardTrackerAppDelegate.h; sourceTree = "<group>"; };
		1D3623250D0F684500981E51 /* BladeGuardTrackerAppDelegate.m */ = {isa = PBXFileReference; fileEncoding = 4; lastKnownFileType = sourcecode.c.objc; path = BladeGuardTrackerAppDelegate.m; sourceTree = "<group>"; };
		1D6058910D05DD3D006BFB54 /* Bladeguard Tracker.app */ = {isa = PBXFileReference; explicitFileType = wrapper.application; includeInIndex = 0; path = "Bladeguard Tracker.app"; sourceTree = BUILT_PRODUCTS_DIR; };
		1DF5F4DF0D08C38300B7A737 /* UIKit.framework */ = {isa = PBXFileReference; lastKnownFileType = wrapper.framework; name = UIKit.framework; path = System/Library/Frameworks/UIKit.framework; sourceTree = SDKROOT; };
		288765A40DF7441C002DB57D /* CoreGraphics.framework */ = {isa = PBXFileReference; lastKnownFileType = wrapper.framework; name = CoreGraphics.framework; path = System/Library/Frameworks/CoreGraphics.framework; sourceTree = SDKROOT; };
		28D7ACF60DDB3853001CB0EB /* BladeGuardTrackerViewController.h */ = {isa = PBXFileReference; fileEncoding = 4; lastKnownFileType = sourcecode.c.h; path = BladeGuardTrackerViewController.h; sourceTree = "<group>"; };
		28D7ACF70DDB3853001CB0EB /* BladeGuardTrackerViewController.m */ = {isa = PBXFileReference; fileEncoding = 4; lastKnownFileType = sourcecode.c.objc; path = BladeGuardTrackerViewController.m; sourceTree = "<group>"; };
		29B97316FDCFA39411CA2CEA /* main.m */ = {isa = PBXFileReference; fileEncoding = 4; lastKnownFileType = sourcecode.c.objc; path = main.m; sourceTree = "<group>"; };
		32CA4F630368D1EE00C91783 /* Bladeguard Tracker_Prefix.pch */ = {isa = PBXFileReference; fileEncoding = 4; lastKnownFileType = sourcecode.c.h; path = "Bladeguard Tracker_Prefix.pch"; sourceTree = "<group>"; };
		3612C0BF16B8602600F4811B /* Default-568h@2x.png */ = {isa = PBXFileReference; lastKnownFileType = image.png; path = "Default-568h@2x.png"; sourceTree = "<group>"; };
		3612C0C316B893B300F4811B /* BGTUpdateRegistrationCommand.h */ = {isa = PBXFileReference; fileEncoding = 4; lastKnownFileType = sourcecode.c.h; path = BGTUpdateRegistrationCommand.h; sourceTree = "<group>"; };
		3612C0C416B893B300F4811B /* BGTUpdateRegistrationCommand.m */ = {isa = PBXFileReference; fileEncoding = 4; lastKnownFileType = sourcecode.c.objc; path = BGTUpdateRegistrationCommand.m; sourceTree = "<group>"; };
		3612C0C616BBBC5000F4811B /* BGTEventListListener.h */ = {isa = PBXFileReference; lastKnownFileType = sourcecode.c.h; path = BGTEventListListener.h; sourceTree = "<group>"; };
		3612C0CA16BC186B00F4811B /* BGTSettingsViewController.h */ = {isa = PBXFileReference; fileEncoding = 4; lastKnownFileType = sourcecode.c.h; path = BGTSettingsViewController.h; sourceTree = "<group>"; };
		3612C0CB16BC186C00F4811B /* BGTSettingsViewController.m */ = {isa = PBXFileReference; fileEncoding = 4; lastKnownFileType = sourcecode.c.objc; path = BGTSettingsViewController.m; sourceTree = "<group>"; };
		3612C0CD16BC294F00F4811B /* FacebookSDK.framework */ = {isa = PBXFileReference; lastKnownFileType = wrapper.framework; name = FacebookSDK.framework; path = ../FacebookSDK/FacebookSDK.framework; sourceTree = "<group>"; };
		3612C0CF16BC298C00F4811B /* Accounts.framework */ = {isa = PBXFileReference; lastKnownFileType = wrapper.framework; name = Accounts.framework; path = System/Library/Frameworks/Accounts.framework; sourceTree = SDKROOT; };
		3612C0D116BC299700F4811B /* AdSupport.framework */ = {isa = PBXFileReference; lastKnownFileType = wrapper.framework; name = AdSupport.framework; path = System/Library/Frameworks/AdSupport.framework; sourceTree = SDKROOT; };
		3612C0D316BC299D00F4811B /* Social.framework */ = {isa = PBXFileReference; lastKnownFileType = wrapper.framework; name = Social.framework; path = System/Library/Frameworks/Social.framework; sourceTree = SDKROOT; };
		3612C0D516BC494200F4811B /* BGTFacebookLoginCommand.h */ = {isa = PBXFileReference; fileEncoding = 4; lastKnownFileType = sourcecode.c.h; path = BGTFacebookLoginCommand.h; sourceTree = "<group>"; };
		3612C0D616BC494200F4811B /* BGTFacebookLoginCommand.m */ = {isa = PBXFileReference; fileEncoding = 4; lastKnownFileType = sourcecode.c.objc; path = BGTFacebookLoginCommand.m; sourceTree = "<group>"; };
		3612C0D816BD404300F4811B /* BGTAuthCommand.h */ = {isa = PBXFileReference; fileEncoding = 4; lastKnownFileType = sourcecode.c.h; path = BGTAuthCommand.h; sourceTree = "<group>"; };
		3612C0D916BD404300F4811B /* BGTAuthCommand.m */ = {isa = PBXFileReference; fileEncoding = 4; lastKnownFileType = sourcecode.c.objc; path = BGTAuthCommand.m; sourceTree = "<group>"; };
		361531CF15A7605200B6FA79 /* CFNetwork.framework */ = {isa = PBXFileReference; lastKnownFileType = wrapper.framework; name = CFNetwork.framework; path = System/Library/Frameworks/CFNetwork.framework; sourceTree = SDKROOT; };
		3626921E16BDAE2400A9B9E0 /* BGTRegisterViewController.h */ = {isa = PBXFileReference; fileEncoding = 4; lastKnownFileType = sourcecode.c.h; path = BGTRegisterViewController.h; sourceTree = "<group>"; };
		3626921F16BDAE2400A9B9E0 /* BGTRegisterViewController.m */ = {isa = PBXFileReference; fileEncoding = 4; lastKnownFileType = sourcecode.c.objc; path = BGTRegisterViewController.m; sourceTree = "<group>"; };
		362D44AA15C9BBD100D43E22 /* en */ = {isa = PBXFileReference; lastKnownFileType = text.plist.strings; name = en; path = en.lproj/Localizable.strings; sourceTree = "<group>"; };
		362D44B415C9BC8800D43E22 /* de */ = {isa = PBXFileReference; lastKnownFileType = text.plist.strings; name = de; path = de.lproj/Localizable.strings; sourceTree = "<group>"; };
		362D44B615C9BE0600D43E22 /* Storyboard.storyboard */ = {isa = PBXFileReference; lastKnownFileType = file.storyboard; path = Storyboard.storyboard; sourceTree = "<group>"; };
		3678B2C615D591600017ABA5 /* CoreImage.framework */ = {isa = PBXFileReference; lastKnownFileType = wrapper.framework; name = CoreImage.framework; path = System/Library/Frameworks/CoreImage.framework; sourceTree = SDKROOT; };
		3678B2C815D592A80017ABA5 /* BGTTeam.h */ = {isa = PBXFileReference; fileEncoding = 4; lastKnownFileType = sourcecode.c.h; path = BGTTeam.h; sourceTree = "<group>"; };
		3678B2C915D592A80017ABA5 /* BGTTeam.m */ = {isa = PBXFileReference; fileEncoding = 4; lastKnownFileType = sourcecode.c.objc; path = BGTTeam.m; sourceTree = "<group>"; };
		3678B2CB15D5973C0017ABA5 /* BGTUserMarker.h */ = {isa = PBXFileReference; fileEncoding = 4; lastKnownFileType = sourcecode.c.h; path = BGTUserMarker.h; sourceTree = "<group>"; };
		3678B2CC15D5973C0017ABA5 /* BGTUserMarker.m */ = {isa = PBXFileReference; fileEncoding = 4; lastKnownFileType = sourcecode.c.objc; path = BGTUserMarker.m; sourceTree = "<group>"; };
		3678B2CE15D597610017ABA5 /* BGTUser.h */ = {isa = PBXFileReference; fileEncoding = 4; lastKnownFileType = sourcecode.c.h; path = BGTUser.h; sourceTree = "<group>"; };
		3678B2CF15D597610017ABA5 /* BGTUser.m */ = {isa = PBXFileReference; fileEncoding = 4; lastKnownFileType = sourcecode.c.objc; path = BGTUser.m; sourceTree = "<group>"; };
		3678B2D115D841E70017ABA5 /* BGTColorManipulation.h */ = {isa = PBXFileReference; fileEncoding = 4; lastKnownFileType = sourcecode.c.h; path = BGTColorManipulation.h; sourceTree = "<group>"; };
		3678B2D215D841E70017ABA5 /* BGTColorManipulation.m */ = {isa = PBXFileReference; fileEncoding = 4; lastKnownFileType = sourcecode.c.objc; path = BGTColorManipulation.m; sourceTree = "<group>"; };
		3678B2D415D846970017ABA5 /* pin_common@2x.png */ = {isa = PBXFileReference; lastKnownFileType = image.png; path = "pin_common@2x.png"; sourceTree = "<group>"; };
		3678B2D515D846970017ABA5 /* pin@2x.png */ = {isa = PBXFileReference; lastKnownFileType = image.png; path = "pin@2x.png"; sourceTree = "<group>"; };
		3678B2D815D84C710017ABA5 /* pin_common.png */ = {isa = PBXFileReference; lastKnownFileType = image.png; path = pin_common.png; sourceTree = "<group>"; };
		3678B2DA15D84C7E0017ABA5 /* pin.png */ = {isa = PBXFileReference; lastKnownFileType = image.png; path = pin.png; sourceTree = "<group>"; };
		367BBFE816B5C73F00B64DCF /* ampel_gruen.png */ = {isa = PBXFileReference; lastKnownFileType = image.png; name = ampel_gruen.png; path = "../workspace/BladeGuardTracker/res/drawable-hdpi/ampel_gruen.png"; sourceTree = "<group>"; };
		367BBFE916B5C73F00B64DCF /* ampel_rot.png */ = {isa = PBXFileReference; lastKnownFileType = image.png; name = ampel_rot.png; path = "../workspace/BladeGuardTracker/res/drawable-hdpi/ampel_rot.png"; sourceTree = "<group>"; };
		367BBFF116B720C800B64DCF /* BGTEventTableViewCell.h */ = {isa = PBXFileReference; fileEncoding = 4; lastKnownFileType = sourcecode.c.h; path = BGTEventTableViewCell.h; sourceTree = "<group>"; };
		367BBFF216B720C800B64DCF /* BGTEventTableViewCell.m */ = {isa = PBXFileReference; fileEncoding = 4; lastKnownFileType = sourcecode.c.objc; path = BGTEventTableViewCell.m; sourceTree = "<group>"; };
		36912EF615C5D83F00B626B8 /* box.png */ = {isa = PBXFileReference; lastKnownFileType = image.png; path = box.png; sourceTree = "<group>"; };
		369D541416AC684700FC9A48 /* BGTGetEventsCommand.h */ = {isa = PBXFileReference; fileEncoding = 4; lastKnownFileType = sourcecode.c.h; path = BGTGetEventsCommand.h; sourceTree = "<group>"; };
		369D541516AC684700FC9A48 /* BGTGetEventsCommand.m */ = {isa = PBXFileReference; fileEncoding = 4; lastKnownFileType = sourcecode.c.objc; path = BGTGetEventsCommand.m; sourceTree = "<group>"; };
		36A3082316ADD92D001044D7 /* BGTEvent.h */ = {isa = PBXFileReference; fileEncoding = 4; lastKnownFileType = sourcecode.c.h; path = BGTEvent.h; sourceTree = "<group>"; };
		36A3082416ADD92D001044D7 /* BGTEvent.m */ = {isa = PBXFileReference; fileEncoding = 4; lastKnownFileType = sourcecode.c.objc; path = BGTEvent.m; sourceTree = "<group>"; };
		36A3082616AF1D2F001044D7 /* BGTEventList.h */ = {isa = PBXFileReference; fileEncoding = 4; lastKnownFileType = sourcecode.c.h; path = BGTEventList.h; sourceTree = "<group>"; };
		36A3082716AF1D2F001044D7 /* BGTEventList.m */ = {isa = PBXFileReference; fileEncoding = 4; lastKnownFileType = sourcecode.c.objc; path = BGTEventList.m; sourceTree = "<group>"; };
		36A3082A16AF2750001044D7 /* BGTEventViewController.h */ = {isa = PBXFileReference; fileEncoding = 4; lastKnownFileType = sourcecode.c.h; path = BGTEventViewController.h; sourceTree = "<group>"; };
		36A3082B16AF2750001044D7 /* BGTEventViewController.m */ = {isa = PBXFileReference; fileEncoding = 4; lastKnownFileType = sourcecode.c.objc; path = BGTEventViewController.m; sourceTree = "<group>"; };
		36A3082E16AF3617001044D7 /* BGTStatisticsView.h */ = {isa = PBXFileReference; fileEncoding = 4; lastKnownFileType = sourcecode.c.h; path = BGTStatisticsView.h; sourceTree = "<group>"; };
		36A3082F16AF3617001044D7 /* BGTStatisticsView.m */ = {isa = PBXFileReference; fileEncoding = 4; lastKnownFileType = sourcecode.c.objc; path = BGTStatisticsView.m; sourceTree = "<group>"; };
		36A3083116B08272001044D7 /* BGTEventSubscriber.h */ = {isa = PBXFileReference; lastKnownFileType = sourcecode.c.h; path = BGTEventSubscriber.h; sourceTree = "<group>"; };
		36A3083516B08CE7001044D7 /* BGTSubscribeUpdatesCommand.h */ = {isa = PBXFileReference; fileEncoding = 4; lastKnownFileType = sourcecode.c.h; path = BGTSubscribeUpdatesCommand.h; sourceTree = "<group>"; };
		36A3083616B08CE7001044D7 /* BGTSubscribeUpdatesCommand.m */ = {isa = PBXFileReference; fileEncoding = 4; lastKnownFileType = sourcecode.c.objc; path = BGTSubscribeUpdatesCommand.m; sourceTree = "<group>"; };
		36A3083816B095A6001044D7 /* BGTUnsubscribeUpdatesCommand.h */ = {isa = PBXFileReference; fileEncoding = 4; lastKnownFileType = sourcecode.c.h; path = BGTUnsubscribeUpdatesCommand.h; sourceTree = "<group>"; };
		36A3083916B095A6001044D7 /* BGTUnsubscribeUpdatesCommand.m */ = {isa = PBXFileReference; fileEncoding = 4; lastKnownFileType = sourcecode.c.objc; path = BGTUnsubscribeUpdatesCommand.m; sourceTree = "<group>"; };
		36A3083B16B1BA30001044D7 /* config.plist */ = {isa = PBXFileReference; fileEncoding = 4; lastKnownFileType = text.plist.xml; path = config.plist; sourceTree = "<group>"; };
		36A3084316B3331E001044D7 /* icon.png */ = {isa = PBXFileReference; lastKnownFileType = image.png; path = icon.png; sourceTree = "<group>"; };
		36A3084516B46E40001044D7 /* BGTLogCommand.h */ = {isa = PBXFileReference; fileEncoding = 4; lastKnownFileType = sourcecode.c.h; path = BGTLogCommand.h; sourceTree = "<group>"; };
		36A3084616B46E40001044D7 /* BGTLogCommand.m */ = {isa = PBXFileReference; fileEncoding = 4; lastKnownFileType = sourcecode.c.objc; path = BGTLogCommand.m; sourceTree = "<group>"; };
		36A3084816B47000001044D7 /* BGTQuitCommand.h */ = {isa = PBXFileReference; fileEncoding = 4; lastKnownFileType = sourcecode.c.h; path = BGTQuitCommand.h; sourceTree = "<group>"; };
		36A3084916B47000001044D7 /* BGTQuitCommand.m */ = {isa = PBXFileReference; fileEncoding = 4; lastKnownFileType = sourcecode.c.objc; path = BGTQuitCommand.m; sourceTree = "<group>"; };
		36A3084B16B544AC001044D7 /* BGTNavigationBar.h */ = {isa = PBXFileReference; fileEncoding = 4; lastKnownFileType = sourcecode.c.h; path = BGTNavigationBar.h; sourceTree = "<group>"; };
		36A3084C16B544AE001044D7 /* BGTNavigationBar.m */ = {isa = PBXFileReference; fileEncoding = 4; lastKnownFileType = sourcecode.c.objc; path = BGTNavigationBar.m; sourceTree = "<group>"; };
		36A3084F16B5BAB0001044D7 /* BGTWeatherView.h */ = {isa = PBXFileReference; fileEncoding = 4; lastKnownFileType = sourcecode.c.h; path = BGTWeatherView.h; sourceTree = "<group>"; };
		36A3085016B5BAB0001044D7 /* BGTWeatherView.m */ = {isa = PBXFileReference; fileEncoding = 4; lastKnownFileType = sourcecode.c.objc; path = BGTWeatherView.m; sourceTree = "<group>"; };
		36AA640115B30AD200128DA0 /* BGTStatisticsViewController.h */ = {isa = PBXFileReference; fileEncoding = 4; lastKnownFileType = sourcecode.c.h; path = BGTStatisticsViewController.h; sourceTree = "<group>"; };
		36AA640215B30AD200128DA0 /* BGTStatisticsViewController.m */ = {isa = PBXFileReference; fileEncoding = 4; lastKnownFileType = sourcecode.c.objc; path = BGTStatisticsViewController.m; sourceTree = "<group>"; };
		36AA640415B310C500128DA0 /* MapKit.framework */ = {isa = PBXFileReference; lastKnownFileType = wrapper.framework; name = MapKit.framework; path = System/Library/Frameworks/MapKit.framework; sourceTree = SDKROOT; };
		36AA640615B314AD00128DA0 /* BGTMapViewController.h */ = {isa = PBXFileReference; fileEncoding = 4; lastKnownFileType = sourcecode.c.h; path = BGTMapViewController.h; sourceTree = "<group>"; };
		36AA640715B314AD00128DA0 /* BGTMapViewController.m */ = {isa = PBXFileReference; fileEncoding = 4; lastKnownFileType = sourcecode.c.objc; path = BGTMapViewController.m; sourceTree = "<group>"; };
		36AA640915B352BB00128DA0 /* BGTSocketEventListener.h */ = {isa = PBXFileReference; lastKnownFileType = sourcecode.c.h; path = BGTSocketEventListener.h; sourceTree = "<group>"; };
		36AA642715B8A37500128DA0 /* server.crt */ = {isa = PBXFileReference; lastKnownFileType = file; path = server.crt; sourceTree = "<group>"; };
		36AB05B115A9FE7E00560928 /* Security.framework */ = {isa = PBXFileReference; lastKnownFileType = wrapper.framework; name = Security.framework; path = System/Library/Frameworks/Security.framework; sourceTree = SDKROOT; };
		36AB05B315A9FE8B00560928 /* libicucore.dylib */ = {isa = PBXFileReference; lastKnownFileType = "compiled.mach-o.dylib"; name = libicucore.dylib; path = usr/lib/libicucore.dylib; sourceTree = SDKROOT; };
		36AB05B515A9FEFF00560928 /* BGTSocket.h */ = {isa = PBXFileReference; fileEncoding = 4; lastKnownFileType = sourcecode.c.h; path = BGTSocket.h; sourceTree = "<group>"; };
		36AB05B615A9FEFF00560928 /* BGTSocket.m */ = {isa = PBXFileReference; fileEncoding = 4; lastKnownFileType = sourcecode.c.objc; path = BGTSocket.m; sourceTree = "<group>"; };
		36AB05B815AA161500560928 /* libSocketRocket.a */ = {isa = PBXFileReference; lastKnownFileType = archive.ar; name = libSocketRocket.a; path = "../../Library/Developer/Xcode/DerivedData/SocketRocket-bbdqfahhynxopienecpqsueqzoht/Build/Products/Debug-iphonesimulator/libSocketRocket.a"; sourceTree = "<group>"; };
		36AB05BA15AA1BAE00560928 /* CoreLocation.framework */ = {isa = PBXFileReference; lastKnownFileType = wrapper.framework; name = CoreLocation.framework; path = System/Library/Frameworks/CoreLocation.framework; sourceTree = SDKROOT; };
		36AB05BD15AA1FCB00560928 /* GPSDelegate.h */ = {isa = PBXFileReference; fileEncoding = 4; lastKnownFileType = sourcecode.c.h; name = GPSDelegate.h; path = ../GPSDelegate.h; sourceTree = "<group>"; };
		36AB05BE15AA1FCB00560928 /* GPSDelegate.m */ = {isa = PBXFileReference; fileEncoding = 4; lastKnownFileType = sourcecode.c.objc; name = GPSDelegate.m; path = ../GPSDelegate.m; sourceTree = "<group>"; };
		36AB05C115AA255E00560928 /* Sample Track.gpx */ = {isa = PBXFileReference; lastKnownFileType = text.xml; path = "Sample Track.gpx"; sourceTree = "<group>"; };
		36AB05D315AA31BA00560928 /* libsbjson-ios.a */ = {isa = PBXFileReference; lastKnownFileType = archive.ar; name = "libsbjson-ios.a"; path = "../../Library/Developer/Xcode/DerivedData/SBJson-bkrqcbzfsyfflecrivoximytggxj/Build/Products/Debug-iphonesimulator/libsbjson-ios.a"; sourceTree = "<group>"; };
		36AB05D715AB69C000560928 /* BGTSocketCommand.h */ = {isa = PBXFileReference; fileEncoding = 4; lastKnownFileType = sourcecode.c.h; path = BGTSocketCommand.h; sourceTree = "<group>"; };
		36AB05D815AB69C000560928 /* BGTSocketCommand.m */ = {isa = PBXFileReference; fileEncoding = 4; lastKnownFileType = sourcecode.c.objc; path = BGTSocketCommand.m; sourceTree = "<group>"; };
		36AB05EF15ACA79300560928 /* icon-57.png */ = {isa = PBXFileReference; lastKnownFileType = image.png; path = "icon-57.png"; sourceTree = "<group>"; };
		36AB05F115ACA7A200560928 /* icon-114.png */ = {isa = PBXFileReference; lastKnownFileType = image.png; path = "icon-114.png"; sourceTree = "<group>"; };
		36AB05F315ACA7AE00560928 /* icon-72.png */ = {isa = PBXFileReference; lastKnownFileType = image.png; path = "icon-72.png"; sourceTree = "<group>"; };
		36AB05F515ACA7B100560928 /* icon-144.png */ = {isa = PBXFileReference; lastKnownFileType = image.png; path = "icon-144.png"; sourceTree = "<group>"; };
		36EBD88816BDBA37001EB2F7 /* BGTSignupCommand.h */ = {isa = PBXFileReference; fileEncoding = 4; lastKnownFileType = sourcecode.c.h; path = BGTSignupCommand.h; sourceTree = "<group>"; };
		36EBD88916BDBA37001EB2F7 /* BGTSignupCommand.m */ = {isa = PBXFileReference; fileEncoding = 4; lastKnownFileType = sourcecode.c.objc; path = BGTSignupCommand.m; sourceTree = "<group>"; };
		36EBD88B16BDC35B001EB2F7 /* settings.png */ = {isa = PBXFileReference; lastKnownFileType = image.png; path = settings.png; sourceTree = "<group>"; };
		36EBD88C16BDC35B001EB2F7 /* settings@2x.png */ = {isa = PBXFileReference; lastKnownFileType = image.png; path = "settings@2x.png"; sourceTree = "<group>"; };
		36EBD89216BEAB1F001EB2F7 /* BGTGPSUnavailableCommand.h */ = {isa = PBXFileReference; fileEncoding = 4; lastKnownFileType = sourcecode.c.h; path = BGTGPSUnavailableCommand.h; sourceTree = "<group>"; };
		36EBD89316BEAB1F001EB2F7 /* BGTGPSUnavailableCommand.m */ = {isa = PBXFileReference; fileEncoding = 4; lastKnownFileType = sourcecode.c.objc; path = BGTGPSUnavailableCommand.m; sourceTree = "<group>"; };
		8D1107310486CEB800E47090 /* Bladeguard Tracker-Info.plist */ = {isa = PBXFileReference; fileEncoding = 4; lastKnownFileType = text.plist.xml; path = "Bladeguard Tracker-Info.plist"; plistStructureDefinitionIdentifier = "com.apple.xcode.plist.structure-definition.iphone.info-plist"; sourceTree = "<group>"; };
/* End PBXFileReference section */

/* Begin PBXFrameworksBuildPhase section */
		1D60588F0D05DD3D006BFB54 /* Frameworks */ = {
			isa = PBXFrameworksBuildPhase;
			buildActionMask = 2147483647;
			files = (
				3612C0D416BC299D00F4811B /* Social.framework in Frameworks */,
				3612C0D216BC299700F4811B /* AdSupport.framework in Frameworks */,
				3612C0D016BC298C00F4811B /* Accounts.framework in Frameworks */,
				3678B2C715D591600017ABA5 /* CoreImage.framework in Frameworks */,
				36AA640515B310C500128DA0 /* MapKit.framework in Frameworks */,
				36AB05BB15AA1BAE00560928 /* CoreLocation.framework in Frameworks */,
				1D60589F0D05DD5A006BFB54 /* Foundation.framework in Frameworks */,
				36AB05B415A9FE8B00560928 /* libicucore.dylib in Frameworks */,
				36AB05B215A9FE7E00560928 /* Security.framework in Frameworks */,
				361531D015A7605200B6FA79 /* CFNetwork.framework in Frameworks */,
				1DF5F4E00D08C38300B7A737 /* UIKit.framework in Frameworks */,
				288765A50DF7441C002DB57D /* CoreGraphics.framework in Frameworks */,
				36AB05B915AA161500560928 /* libSocketRocket.a in Frameworks */,
				36AB05D415AA31BA00560928 /* libsbjson-ios.a in Frameworks */,
				3612C0CE16BC294F00F4811B /* FacebookSDK.framework in Frameworks */,
			);
			runOnlyForDeploymentPostprocessing = 0;
		};
/* End PBXFrameworksBuildPhase section */

/* Begin PBXGroup section */
		080E96DDFE201D6D7F000001 /* Classes */ = {
			isa = PBXGroup;
			children = (
				36A3082916AF25E6001044D7 /* view controllers */,
				36A3082216ADD915001044D7 /* event */,
				369D541316AC681C00FC9A48 /* commands */,
				36AB05BD15AA1FCB00560928 /* GPSDelegate.h */,
				36AB05BE15AA1FCB00560928 /* GPSDelegate.m */,
				1D3623240D0F684500981E51 /* BladeGuardTrackerAppDelegate.h */,
				1D3623250D0F684500981E51 /* BladeGuardTrackerAppDelegate.m */,
				36AB05B515A9FEFF00560928 /* BGTSocket.h */,
				36AB05B615A9FEFF00560928 /* BGTSocket.m */,
				36AB05D715AB69C000560928 /* BGTSocketCommand.h */,
				36AB05D815AB69C000560928 /* BGTSocketCommand.m */,
				36AA640915B352BB00128DA0 /* BGTSocketEventListener.h */,
				3678B2C815D592A80017ABA5 /* BGTTeam.h */,
				3678B2C915D592A80017ABA5 /* BGTTeam.m */,
				3678B2CB15D5973C0017ABA5 /* BGTUserMarker.h */,
				3678B2CC15D5973C0017ABA5 /* BGTUserMarker.m */,
				3678B2CE15D597610017ABA5 /* BGTUser.h */,
				3678B2CF15D597610017ABA5 /* BGTUser.m */,
				3678B2D115D841E70017ABA5 /* BGTColorManipulation.h */,
				3678B2D215D841E70017ABA5 /* BGTColorManipulation.m */,
				36A3084B16B544AC001044D7 /* BGTNavigationBar.h */,
				36A3084C16B544AE001044D7 /* BGTNavigationBar.m */,
			);
			path = Classes;
			sourceTree = "<group>";
		};
		19C28FACFE9D520D11CA2CBB /* Products */ = {
			isa = PBXGroup;
			children = (
				1D6058910D05DD3D006BFB54 /* Bladeguard Tracker.app */,
			);
			name = Products;
			sourceTree = "<group>";
		};
		29B97314FDCFA39411CA2CEA /* CustomTemplate */ = {
			isa = PBXGroup;
			children = (
				3612C0D316BC299D00F4811B /* Social.framework */,
				3612C0D116BC299700F4811B /* AdSupport.framework */,
				3612C0CF16BC298C00F4811B /* Accounts.framework */,
				3612C0BF16B8602600F4811B /* Default-568h@2x.png */,
				36A3083B16B1BA30001044D7 /* config.plist */,
				362D44B615C9BE0600D43E22 /* Storyboard.storyboard */,
				36AB05C115AA255E00560928 /* Sample Track.gpx */,
				36AB05BC15AA1BC200560928 /* Libraries */,
				080E96DDFE201D6D7F000001 /* Classes */,
				29B97315FDCFA39411CA2CEA /* Other Sources */,
				29B97317FDCFA39411CA2CEA /* Resources */,
				29B97323FDCFA39411CA2CEA /* Frameworks */,
				19C28FACFE9D520D11CA2CBB /* Products */,
			);
			name = CustomTemplate;
			sourceTree = "<group>";
		};
		29B97315FDCFA39411CA2CEA /* Other Sources */ = {
			isa = PBXGroup;
			children = (
				32CA4F630368D1EE00C91783 /* Bladeguard Tracker_Prefix.pch */,
				29B97316FDCFA39411CA2CEA /* main.m */,
			);
			name = "Other Sources";
			sourceTree = "<group>";
		};
		29B97317FDCFA39411CA2CEA /* Resources */ = {
			isa = PBXGroup;
			children = (
				36EBD88B16BDC35B001EB2F7 /* settings.png */,
				36EBD88C16BDC35B001EB2F7 /* settings@2x.png */,
				367BBFE816B5C73F00B64DCF /* ampel_gruen.png */,
				367BBFE916B5C73F00B64DCF /* ampel_rot.png */,
				36A3084316B3331E001044D7 /* icon.png */,
				3678B2DA15D84C7E0017ABA5 /* pin.png */,
				3678B2D815D84C710017ABA5 /* pin_common.png */,
				3678B2D415D846970017ABA5 /* pin_common@2x.png */,
				3678B2D515D846970017ABA5 /* pin@2x.png */,
				362D44AB15C9BBD100D43E22 /* Localizable.strings */,
				36912EF615C5D83F00B626B8 /* box.png */,
				36AA642715B8A37500128DA0 /* server.crt */,
				36AB05F715ACA89500560928 /* icons */,
				8D1107310486CEB800E47090 /* Bladeguard Tracker-Info.plist */,
			);
			name = Resources;
			sourceTree = "<group>";
		};
		29B97323FDCFA39411CA2CEA /* Frameworks */ = {
			isa = PBXGroup;
			children = (
				3612C0CD16BC294F00F4811B /* FacebookSDK.framework */,
				3678B2C615D591600017ABA5 /* CoreImage.framework */,
				36AA640415B310C500128DA0 /* MapKit.framework */,
				36AB05BA15AA1BAE00560928 /* CoreLocation.framework */,
				36AB05B315A9FE8B00560928 /* libicucore.dylib */,
				36AB05B115A9FE7E00560928 /* Security.framework */,
				361531CF15A7605200B6FA79 /* CFNetwork.framework */,
				1DF5F4DF0D08C38300B7A737 /* UIKit.framework */,
				1D30AB110D05D00D00671497 /* Foundation.framework */,
				288765A40DF7441C002DB57D /* CoreGraphics.framework */,
			);
			name = Frameworks;
			sourceTree = "<group>";
		};
		369D541316AC681C00FC9A48 /* commands */ = {
			isa = PBXGroup;
			children = (
				369D541416AC684700FC9A48 /* BGTGetEventsCommand.h */,
				369D541516AC684700FC9A48 /* BGTGetEventsCommand.m */,
				36A3083516B08CE7001044D7 /* BGTSubscribeUpdatesCommand.h */,
				36A3083616B08CE7001044D7 /* BGTSubscribeUpdatesCommand.m */,
				36A3083816B095A6001044D7 /* BGTUnsubscribeUpdatesCommand.h */,
				36A3083916B095A6001044D7 /* BGTUnsubscribeUpdatesCommand.m */,
				36A3084516B46E40001044D7 /* BGTLogCommand.h */,
				36A3084616B46E40001044D7 /* BGTLogCommand.m */,
				36A3084816B47000001044D7 /* BGTQuitCommand.h */,
				36A3084916B47000001044D7 /* BGTQuitCommand.m */,
				3612C0C316B893B300F4811B /* BGTUpdateRegistrationCommand.h */,
				3612C0C416B893B300F4811B /* BGTUpdateRegistrationCommand.m */,
				3612C0D516BC494200F4811B /* BGTFacebookLoginCommand.h */,
				3612C0D616BC494200F4811B /* BGTFacebookLoginCommand.m */,
				3612C0D816BD404300F4811B /* BGTAuthCommand.h */,
				3612C0D916BD404300F4811B /* BGTAuthCommand.m */,
				36EBD88816BDBA37001EB2F7 /* BGTSignupCommand.h */,
				36EBD88916BDBA37001EB2F7 /* BGTSignupCommand.m */,
				36EBD89216BEAB1F001EB2F7 /* BGTGPSUnavailableCommand.h */,
				36EBD89316BEAB1F001EB2F7 /* BGTGPSUnavailableCommand.m */,
			);
			name = commands;
			sourceTree = "<group>";
		};
		36A3082216ADD915001044D7 /* event */ = {
			isa = PBXGroup;
			children = (
				36A3082316ADD92D001044D7 /* BGTEvent.h */,
				36A3082416ADD92D001044D7 /* BGTEvent.m */,
				36A3082616AF1D2F001044D7 /* BGTEventList.h */,
				36A3082716AF1D2F001044D7 /* BGTEventList.m */,
				36A3083116B08272001044D7 /* BGTEventSubscriber.h */,
				3612C0C616BBBC5000F4811B /* BGTEventListListener.h */,
			);
			name = event;
			sourceTree = "<group>";
		};
		36A3082916AF25E6001044D7 /* view controllers */ = {
			isa = PBXGroup;
			children = (
				36A3084E16B5BA89001044D7 /* views */,
				36A3082D16AF35FA001044D7 /* map */,
				36AA640115B30AD200128DA0 /* BGTStatisticsViewController.h */,
				36AA640215B30AD200128DA0 /* BGTStatisticsViewController.m */,
				28D7ACF60DDB3853001CB0EB /* BladeGuardTrackerViewController.h */,
				28D7ACF70DDB3853001CB0EB /* BladeGuardTrackerViewController.m */,
				36A3082A16AF2750001044D7 /* BGTEventViewController.h */,
				36A3082B16AF2750001044D7 /* BGTEventViewController.m */,
				3612C0CA16BC186B00F4811B /* BGTSettingsViewController.h */,
				3612C0CB16BC186C00F4811B /* BGTSettingsViewController.m */,
				3626921E16BDAE2400A9B9E0 /* BGTRegisterViewController.h */,
				3626921F16BDAE2400A9B9E0 /* BGTRegisterViewController.m */,
			);
			name = "view controllers";
			sourceTree = "<group>";
		};
		36A3082D16AF35FA001044D7 /* map */ = {
			isa = PBXGroup;
			children = (
				36AA640615B314AD00128DA0 /* BGTMapViewController.h */,
				36AA640715B314AD00128DA0 /* BGTMapViewController.m */,
				36A3082E16AF3617001044D7 /* BGTStatisticsView.h */,
				36A3082F16AF3617001044D7 /* BGTStatisticsView.m */,
			);
			name = map;
			sourceTree = "<group>";
		};
		36A3084E16B5BA89001044D7 /* views */ = {
			isa = PBXGroup;
			children = (
				36A3084F16B5BAB0001044D7 /* BGTWeatherView.h */,
				36A3085016B5BAB0001044D7 /* BGTWeatherView.m */,
				367BBFF116B720C800B64DCF /* BGTEventTableViewCell.h */,
				367BBFF216B720C800B64DCF /* BGTEventTableViewCell.m */,
			);
			name = views;
			sourceTree = "<group>";
		};
		36AB05BC15AA1BC200560928 /* Libraries */ = {
			isa = PBXGroup;
			children = (
				36AB05B815AA161500560928 /* libSocketRocket.a */,
				36AB05D315AA31BA00560928 /* libsbjson-ios.a */,
			);
			name = Libraries;
			sourceTree = "<group>";
		};
		36AB05F715ACA89500560928 /* icons */ = {
			isa = PBXGroup;
			children = (
				36AB05F515ACA7B100560928 /* icon-144.png */,
				36AB05F315ACA7AE00560928 /* icon-72.png */,
				36AB05F115ACA7A200560928 /* icon-114.png */,
				36AB05EF15ACA79300560928 /* icon-57.png */,
			);
			name = icons;
			sourceTree = "<group>";
		};
/* End PBXGroup section */

/* Begin PBXNativeTarget section */
		1D6058900D05DD3D006BFB54 /* Bladeguard Tracker */ = {
			isa = PBXNativeTarget;
			buildConfigurationList = 1D6058960D05DD3E006BFB54 /* Build configuration list for PBXNativeTarget "Bladeguard Tracker" */;
			buildPhases = (
				1D60588D0D05DD3D006BFB54 /* Resources */,
				1D60588E0D05DD3D006BFB54 /* Sources */,
				1D60588F0D05DD3D006BFB54 /* Frameworks */,
			);
			buildRules = (
			);
			dependencies = (
			);
			name = "Bladeguard Tracker";
			productName = BladeGuardTracker;
			productReference = 1D6058910D05DD3D006BFB54 /* Bladeguard Tracker.app */;
			productType = "com.apple.product-type.application";
		};
/* End PBXNativeTarget section */

/* Begin PBXProject section */
		29B97313FDCFA39411CA2CEA /* Project object */ = {
			isa = PBXProject;
			attributes = {
				LastUpgradeCheck = 0430;
			};
			buildConfigurationList = C01FCF4E08A954540054247B /* Build configuration list for PBXProject "Bladeguard Tracker" */;
			compatibilityVersion = "Xcode 3.2";
			developmentRegion = English;
			hasScannedForEncodings = 1;
			knownRegions = (
				English,
				Japanese,
				French,
				German,
				de,
			);
			mainGroup = 29B97314FDCFA39411CA2CEA /* CustomTemplate */;
			projectDirPath = "";
			projectRoot = "";
			targets = (
				1D6058900D05DD3D006BFB54 /* Bladeguard Tracker */,
			);
		};
/* End PBXProject section */

/* Begin PBXResourcesBuildPhase section */
		1D60588D0D05DD3D006BFB54 /* Resources */ = {
			isa = PBXResourcesBuildPhase;
			buildActionMask = 2147483647;
			files = (
				36AB05F015ACA79300560928 /* icon-57.png in Resources */,
				36AB05F215ACA7A200560928 /* icon-114.png in Resources */,
				36AB05F415ACA7AE00560928 /* icon-72.png in Resources */,
				36AB05F615ACA7B100560928 /* icon-144.png in Resources */,
				362D44B515C9BE0600D43E22 /* Storyboard.storyboard in Resources */,
				36AA642815B8A37500128DA0 /* server.crt in Resources */,
				36912EF715C5D83F00B626B8 /* box.png in Resources */,
				362D44A915C9BBD100D43E22 /* Localizable.strings in Resources */,
				3678B2D615D846970017ABA5 /* pin_common@2x.png in Resources */,
				3678B2D715D846970017ABA5 /* pin@2x.png in Resources */,
				3678B2D915D84C710017ABA5 /* pin_common.png in Resources */,
				3678B2DB15D84C7E0017ABA5 /* pin.png in Resources */,
				36A3083C16B1BA30001044D7 /* config.plist in Resources */,
				36A3084416B3331E001044D7 /* icon.png in Resources */,
				367BBFEA16B5C73F00B64DCF /* ampel_gruen.png in Resources */,
				367BBFEB16B5C73F00B64DCF /* ampel_rot.png in Resources */,
				3612C0C016B8602600F4811B /* Default-568h@2x.png in Resources */,
				36EBD88D16BDC35B001EB2F7 /* settings.png in Resources */,
				36EBD88E16BDC35B001EB2F7 /* settings@2x.png in Resources */,
			);
			runOnlyForDeploymentPostprocessing = 0;
		};
/* End PBXResourcesBuildPhase section */

/* Begin PBXSourcesBuildPhase section */
		1D60588E0D05DD3D006BFB54 /* Sources */ = {
			isa = PBXSourcesBuildPhase;
			buildActionMask = 2147483647;
			files = (
				1D60589B0D05DD56006BFB54 /* main.m in Sources */,
				1D3623260D0F684500981E51 /* BladeGuardTrackerAppDelegate.m in Sources */,
				28D7ACF80DDB3853001CB0EB /* BladeGuardTrackerViewController.m in Sources */,
				36AB05B715A9FEFF00560928 /* BGTSocket.m in Sources */,
				36AB05BF15AA1FCB00560928 /* GPSDelegate.m in Sources */,
				36AB05D915AB69C100560928 /* BGTSocketCommand.m in Sources */,
				36AA640315B30AD200128DA0 /* BGTStatisticsViewController.m in Sources */,
				36AA640815B314AD00128DA0 /* BGTMapViewController.m in Sources */,
				3678B2CA15D592A80017ABA5 /* BGTTeam.m in Sources */,
				3678B2CD15D5973C0017ABA5 /* BGTUserMarker.m in Sources */,
				3678B2D015D597610017ABA5 /* BGTUser.m in Sources */,
				3678B2D315D841E70017ABA5 /* BGTColorManipulation.m in Sources */,
				369D541616AC684700FC9A48 /* BGTGetEventsCommand.m in Sources */,
				36A3082516ADD92D001044D7 /* BGTEvent.m in Sources */,
				36A3082816AF1D2F001044D7 /* BGTEventList.m in Sources */,
				36A3082C16AF2750001044D7 /* BGTEventViewController.m in Sources */,
				36A3083016AF3617001044D7 /* BGTStatisticsView.m in Sources */,
				36A3083716B08CE7001044D7 /* BGTSubscribeUpdatesCommand.m in Sources */,
				36A3083A16B095A6001044D7 /* BGTUnsubscribeUpdatesCommand.m in Sources */,
				36A3084716B46E41001044D7 /* BGTLogCommand.m in Sources */,
				36A3084A16B47001001044D7 /* BGTQuitCommand.m in Sources */,
				36A3084D16B544B0001044D7 /* BGTNavigationBar.m in Sources */,
				36A3085116B5BAB0001044D7 /* BGTWeatherView.m in Sources */,
				367BBFF316B720C800B64DCF /* BGTEventTableViewCell.m in Sources */,
				3612C0C516B893B300F4811B /* BGTUpdateRegistrationCommand.m in Sources */,
				3612C0CC16BC186C00F4811B /* BGTSettingsViewController.m in Sources */,
				3612C0D716BC494200F4811B /* BGTFacebookLoginCommand.m in Sources */,
				3612C0DA16BD404300F4811B /* BGTAuthCommand.m in Sources */,
				3626922016BDAE2400A9B9E0 /* BGTRegisterViewController.m in Sources */,
				36EBD88A16BDBA37001EB2F7 /* BGTSignupCommand.m in Sources */,
				36EBD89416BEAB20001EB2F7 /* BGTGPSUnavailableCommand.m in Sources */,
			);
			runOnlyForDeploymentPostprocessing = 0;
		};
/* End PBXSourcesBuildPhase section */

/* Begin PBXVariantGroup section */
		362D44AB15C9BBD100D43E22 /* Localizable.strings */ = {
			isa = PBXVariantGroup;
			children = (
				362D44AA15C9BBD100D43E22 /* en */,
				362D44B415C9BC8800D43E22 /* de */,
			);
			name = Localizable.strings;
			sourceTree = "<group>";
		};
/* End PBXVariantGroup section */

/* Begin XCBuildConfiguration section */
		1D6058940D05DD3E006BFB54 /* Debug */ = {
			isa = XCBuildConfiguration;
			buildSettings = {
				ALWAYS_SEARCH_USER_PATHS = NO;
				CLANG_ENABLE_OBJC_ARC = YES;
				COPY_PHASE_STRIP = NO;
				FRAMEWORK_SEARCH_PATHS = (
					"$(inherited)",
					"\"$(SRCROOT)/../FacebookSDK\"",
				);
				GCC_DYNAMIC_NO_PIC = NO;
				GCC_OPTIMIZATION_LEVEL = 0;
				GCC_PRECOMPILE_PREFIX_HEADER = YES;
				GCC_PREFIX_HEADER = "Bladeguard Tracker_Prefix.pch";
				GCC_VERSION = com.apple.compilers.llvm.clang.1_0;
				INFOPLIST_FILE = "Bladeguard Tracker-Info.plist";
				IPHONEOS_DEPLOYMENT_TARGET = 5.1;
				LIBRARY_SEARCH_PATHS = (
					"$(inherited)",
					"\"$(SRCROOT)\"",
					"\"$(SRCROOT)/../../Library/Developer/Xcode/DerivedData/SocketRocket-bbdqfahhynxopienecpqsueqzoht/Build/Products/Debug-iphonesimulator\"",
					"\"$(SRCROOT)/../../Library/Developer/Xcode/DerivedData/SBJson-bkrqcbzfsyfflecrivoximytggxj/Build/Products/Debug-iphonesimulator\"",
				);
				OTHER_LDFLAGS = (
					"-lsqlite3",
					"-ObjC",
				);
				PRODUCT_NAME = "Bladeguard Tracker";
				TARGETED_DEVICE_FAMILY = "1,2";
			};
			name = Debug;
		};
		1D6058950D05DD3E006BFB54 /* Release */ = {
			isa = XCBuildConfiguration;
			buildSettings = {
				ALWAYS_SEARCH_USER_PATHS = NO;
				CLANG_ENABLE_OBJC_ARC = YES;
				COPY_PHASE_STRIP = YES;
				FRAMEWORK_SEARCH_PATHS = (
					"$(inherited)",
					"\"$(SRCROOT)/../FacebookSDK\"",
				);
				GCC_PRECOMPILE_PREFIX_HEADER = YES;
				GCC_PREFIX_HEADER = "Bladeguard Tracker_Prefix.pch";
				GCC_VERSION = com.apple.compilers.llvm.clang.1_0;
				INFOPLIST_FILE = "Bladeguard Tracker-Info.plist";
				IPHONEOS_DEPLOYMENT_TARGET = 5.1;
				LIBRARY_SEARCH_PATHS = (
					"$(inherited)",
					"\"$(SRCROOT)\"",
					"\"$(SRCROOT)/../../Library/Developer/Xcode/DerivedData/SocketRocket-bbdqfahhynxopienecpqsueqzoht/Build/Products/Debug-iphonesimulator\"",
					"\"$(SRCROOT)/../../Library/Developer/Xcode/DerivedData/SBJson-bkrqcbzfsyfflecrivoximytggxj/Build/Products/Debug-iphonesimulator\"",
				);
				OTHER_LDFLAGS = (
					"-lsqlite3",
					"-ObjC",
				);
				PRODUCT_NAME = "Bladeguard Tracker";
				TARGETED_DEVICE_FAMILY = "1,2";
				VALIDATE_PRODUCT = YES;
			};
			name = Release;
		};
		C01FCF4F08A954540054247B /* Debug */ = {
			isa = XCBuildConfiguration;
			buildSettings = {
				ARCHS = "$(ARCHS_STANDARD_32_BIT)";
				CODE_SIGN_IDENTITY = "iPhone Developer";
				"CODE_SIGN_IDENTITY[sdk=iphoneos*]" = "iPhone Developer";
				GCC_C_LANGUAGE_STANDARD = c99;
				GCC_WARN_ABOUT_RETURN_TYPE = YES;
				GCC_WARN_UNUSED_VARIABLE = YES;
				HEADER_SEARCH_PATHS = (
					/Users/jakob/Documents/SocketRocket,
					"/Users/jakob/Documents/json-framework",
				);
				IPHONEOS_DEPLOYMENT_TARGET = 5.1;
				LIBRARY_SEARCH_PATHS = (
					"/Users/jakob/Library/Developer/Xcode/DerivedData/SocketRocket-bbdqfahhynxopienecpqsueqzoht/Build/Products/$(CONFIGURATION)$(EFFECTIVE_PLATFORM_NAME)",
					"/Users/jakob/Library/Developer/Xcode/DerivedData/SBJson-bkrqcbzfsyfflecrivoximytggxj/Build/Products/$(CONFIGURATION)$(EFFECTIVE_PLATFORM_NAME)",
				);
				OTHER_LDFLAGS = "-ObjC";
				PROVISIONING_PROFILE = "";
				"PROVISIONING_PROFILE[sdk=iphoneos*]" = "";
				SDKROOT = iphoneos;
			};
			name = Debug;
		};
		C01FCF5008A954540054247B /* Release */ = {
			isa = XCBuildConfiguration;
			buildSettings = {
				ARCHS = "$(ARCHS_STANDARD_32_BIT)";
				CODE_SIGN_IDENTITY = "iPhone Distribution";
				"CODE_SIGN_IDENTITY[sdk=iphoneos*]" = "iPhone Distribution";
				GCC_C_LANGUAGE_STANDARD = c99;
				GCC_WARN_ABOUT_RETURN_TYPE = YES;
				GCC_WARN_UNUSED_VARIABLE = YES;
				HEADER_SEARCH_PATHS = (
					/Users/jakob/Documents/SocketRocket,
					"/Users/jakob/Documents/json-framework",
				);
				IPHONEOS_DEPLOYMENT_TARGET = 5.1;
				LIBRARY_SEARCH_PATHS = (
					"/Users/jakob/Library/Developer/Xcode/DerivedData/SocketRocket-bbdqfahhynxopienecpqsueqzoht/Build/Products/$(CONFIGURATION)$(EFFECTIVE_PLATFORM_NAME)",
					"/Users/jakob/Library/Developer/Xcode/DerivedData/SBJson-bkrqcbzfsyfflecrivoximytggxj/Build/Products/$(CONFIGURATION)$(EFFECTIVE_PLATFORM_NAME)",
				);
				OTHER_CFLAGS = "-DNS_BLOCK_ASSERTIONS=1";
				OTHER_LDFLAGS = "-ObjC";
				"PROVISIONING_PROFILE[sdk=iphoneos*]" = "";
				SDKROOT = iphoneos;
			};
			name = Release;
		};
/* End XCBuildConfiguration section */

/* Begin XCConfigurationList section */
		1D6058960D05DD3E006BFB54 /* Build configuration list for PBXNativeTarget "Bladeguard Tracker" */ = {
			isa = XCConfigurationList;
			buildConfigurations = (
				1D6058940D05DD3E006BFB54 /* Debug */,
				1D6058950D05DD3E006BFB54 /* Release */,
			);
			defaultConfigurationIsVisible = 0;
			defaultConfigurationName = Release;
		};
		C01FCF4E08A954540054247B /* Build configuration list for PBXProject "Bladeguard Tracker" */ = {
			isa = XCConfigurationList;
			buildConfigurations = (
				C01FCF4F08A954540054247B /* Debug */,
				C01FCF5008A954540054247B /* Release */,
			);
			defaultConfigurationIsVisible = 0;
			defaultConfigurationName = Release;
		};
/* End XCConfigurationList section */
	};
	rootObject = 29B97313FDCFA39411CA2CEA /* Project object */;
}
