// !$*UTF8*$!
{
	archiveVersion = 1;
	classes = {
	};
	objectVersion = 46;
	objects = {

/* Begin PBXBuildFile section */
		1D3623260D0F684500981E51 /* BladeGuardTrackerAppDelegate.m in Sources */ = {isa = PBXBuildFile; fileRef = 1D3623250D0F684500981E51 /* BladeGuardTrackerAppDelegate.m */; };
		1D60589B0D05DD56006BFB54 /* main.m in Sources */ = {isa = PBXBuildFile; fileRef = 29B97316FDCFA39411CA2CEA /* main.m */; };
		1D60589F0D05DD5A006BFB54 /* Foundation.framework in Frameworks */ = {isa = PBXBuildFile; fileRef = 1D30AB110D05D00D00671497 /* Foundation.framework */; };
		1DF5F4E00D08C38300B7A737 /* UIKit.framework in Frameworks */ = {isa = PBXBuildFile; fileRef = 1DF5F4DF0D08C38300B7A737 /* UIKit.framework */; };
		288765A50DF7441C002DB57D /* CoreGraphics.framework in Frameworks */ = {isa = PBXBuildFile; fileRef = 288765A40DF7441C002DB57D /* CoreGraphics.framework */; };
		28D7ACF80DDB3853001CB0EB /* BladeGuardTrackerViewController.m in Sources */ = {isa = PBXBuildFile; fileRef = 28D7ACF70DDB3853001CB0EB /* BladeGuardTrackerViewController.m */; };
		3609B57315B2CDCD0004EE0F /* Storyboard.storyboard in Resources */ = {isa = PBXBuildFile; fileRef = 3609B57215B2CDCD0004EE0F /* Storyboard.storyboard */; };
		361531D015A7605200B6FA79 /* CFNetwork.framework in Frameworks */ = {isa = PBXBuildFile; fileRef = 361531CF15A7605200B6FA79 /* CFNetwork.framework */; };
		36912EF715C5D83F00B626B8 /* box.png in Resources */ = {isa = PBXBuildFile; fileRef = 36912EF615C5D83F00B626B8 /* box.png */; };
		36AA640315B30AD200128DA0 /* BGTStatisticsViewController.m in Sources */ = {isa = PBXBuildFile; fileRef = 36AA640215B30AD200128DA0 /* BGTStatisticsViewController.m */; };
		36AA640515B310C500128DA0 /* MapKit.framework in Frameworks */ = {isa = PBXBuildFile; fileRef = 36AA640415B310C500128DA0 /* MapKit.framework */; };
		36AA640815B314AD00128DA0 /* BGTMapViewController.m in Sources */ = {isa = PBXBuildFile; fileRef = 36AA640715B314AD00128DA0 /* BGTMapViewController.m */; };
		36AA640E15B610AF00128DA0 /* map_pin.png in Resources */ = {isa = PBXBuildFile; fileRef = 36AA640D15B610AF00128DA0 /* map_pin.png */; };
		36AA642815B8A37500128DA0 /* server.crt in Resources */ = {isa = PBXBuildFile; fileRef = 36AA642715B8A37500128DA0 /* server.crt */; };
		36AA642B15B9D93200128DA0 /* map_pin@2x.png in Resources */ = {isa = PBXBuildFile; fileRef = 36AA642A15B9D93200128DA0 /* map_pin@2x.png */; };
		36AB05B215A9FE7E00560928 /* Security.framework in Frameworks */ = {isa = PBXBuildFile; fileRef = 36AB05B115A9FE7E00560928 /* Security.framework */; };
		36AB05B415A9FE8B00560928 /* libicucore.dylib in Frameworks */ = {isa = PBXBuildFile; fileRef = 36AB05B315A9FE8B00560928 /* libicucore.dylib */; };
		36AB05B715A9FEFF00560928 /* BGTSocket.m in Sources */ = {isa = PBXBuildFile; fileRef = 36AB05B615A9FEFF00560928 /* BGTSocket.m */; };
		36AB05B915AA161500560928 /* libSocketRocket.a in Frameworks */ = {isa = PBXBuildFile; fileRef = 36AB05B815AA161500560928 /* libSocketRocket.a */; };
		36AB05BB15AA1BAE00560928 /* CoreLocation.framework in Frameworks */ = {isa = PBXBuildFile; fileRef = 36AB05BA15AA1BAE00560928 /* CoreLocation.framework */; };
		36AB05BF15AA1FCB00560928 /* GPSDelegate.m in Sources */ = {isa = PBXBuildFile; fileRef = 36AB05BE15AA1FCB00560928 /* GPSDelegate.m */; };
		36AB05D415AA31BA00560928 /* libsbjson-ios.a in Frameworks */ = {isa = PBXBuildFile; fileRef = 36AB05D315AA31BA00560928 /* libsbjson-ios.a */; };
		36AB05D615AB4DD200560928 /* Settings.bundle in Resources */ = {isa = PBXBuildFile; fileRef = 36AB05D515AB4DD200560928 /* Settings.bundle */; };
		36AB05D915AB69C100560928 /* BGTSocketCommand.m in Sources */ = {isa = PBXBuildFile; fileRef = 36AB05D815AB69C000560928 /* BGTSocketCommand.m */; };
		36AB05F015ACA79300560928 /* icon-57.png in Resources */ = {isa = PBXBuildFile; fileRef = 36AB05EF15ACA79300560928 /* icon-57.png */; };
		36AB05F215ACA7A200560928 /* icon-114.png in Resources */ = {isa = PBXBuildFile; fileRef = 36AB05F115ACA7A200560928 /* icon-114.png */; };
		36AB05F415ACA7AE00560928 /* icon-72.png in Resources */ = {isa = PBXBuildFile; fileRef = 36AB05F315ACA7AE00560928 /* icon-72.png */; };
		36AB05F615ACA7B100560928 /* icon-144.png in Resources */ = {isa = PBXBuildFile; fileRef = 36AB05F515ACA7B100560928 /* icon-144.png */; };
/* End PBXBuildFile section */

/* Begin PBXFileReference section */
		1D30AB110D05D00D00671497 /* Foundation.framework */ = {isa = PBXFileReference; lastKnownFileType = wrapper.framework; name = Foundation.framework; path = System/Library/Frameworks/Foundation.framework; sourceTree = SDKROOT; };
		1D3623240D0F684500981E51 /* BladeGuardTrackerAppDelegate.h */ = {isa = PBXFileReference; fileEncoding = 4; lastKnownFileType = sourcecode.c.h; path = BladeGuardTrackerAppDelegate.h; sourceTree = "<group>"; };
		1D3623250D0F684500981E51 /* BladeGuardTrackerAppDelegate.m */ = {isa = PBXFileReference; fileEncoding = 4; lastKnownFileType = sourcecode.c.objc; path = BladeGuardTrackerAppDelegate.m; sourceTree = "<group>"; };
		1D6058910D05DD3D006BFB54 /* Bladeguard Tracker.app */ = {isa = PBXFileReference; explicitFileType = wrapper.application; includeInIndex = 0; path = "Bladeguard Tracker.app"; sourceTree = BUILT_PRODUCTS_DIR; };
		1DF5F4DF0D08C38300B7A737 /* UIKit.framework */ = {isa = PBXFileReference; lastKnownFileType = wrapper.framework; name = UIKit.framework; path = System/Library/Frameworks/UIKit.framework; sourceTree = SDKROOT; };
		288765A40DF7441C002DB57D /* CoreGraphics.framework */ = {isa = PBXFileReference; lastKnownFileType = wrapper.framework; name = CoreGraphics.framework; path = System/Library/Frameworks/CoreGraphics.framework; sourceTree = SDKROOT; };
		28D7ACF60DDB3853001CB0EB /* BladeGuardTrackerViewController.h */ = {isa = PBXFileReference; fileEncoding = 4; lastKnownFileType = sourcecode.c.h; path = BladeGuardTrackerViewController.h; sourceTree = "<group>"; };
		28D7ACF70DDB3853001CB0EB /* BladeGuardTrackerViewController.m */ = {isa = PBXFileReference; fileEncoding = 4; lastKnownFileType = sourcecode.c.objc; path = BladeGuardTrackerViewController.m; sourceTree = "<group>"; };
		29B97316FDCFA39411CA2CEA /* main.m */ = {isa = PBXFileReference; fileEncoding = 4; lastKnownFileType = sourcecode.c.objc; path = main.m; sourceTree = "<group>"; };
		32CA4F630368D1EE00C91783 /* Bladeguard Tracker_Prefix.pch */ = {isa = PBXFileReference; fileEncoding = 4; lastKnownFileType = sourcecode.c.h; path = "Bladeguard Tracker_Prefix.pch"; sourceTree = "<group>"; };
		3609B57215B2CDCD0004EE0F /* Storyboard.storyboard */ = {isa = PBXFileReference; fileEncoding = 4; lastKnownFileType = file.storyboard; path = Storyboard.storyboard; sourceTree = "<group>"; };
		361531CF15A7605200B6FA79 /* CFNetwork.framework */ = {isa = PBXFileReference; lastKnownFileType = wrapper.framework; name = CFNetwork.framework; path = System/Library/Frameworks/CFNetwork.framework; sourceTree = SDKROOT; };
		36912EF615C5D83F00B626B8 /* box.png */ = {isa = PBXFileReference; lastKnownFileType = image.png; path = box.png; sourceTree = "<group>"; };
		36AA640115B30AD200128DA0 /* BGTStatisticsViewController.h */ = {isa = PBXFileReference; fileEncoding = 4; lastKnownFileType = sourcecode.c.h; path = BGTStatisticsViewController.h; sourceTree = "<group>"; };
		36AA640215B30AD200128DA0 /* BGTStatisticsViewController.m */ = {isa = PBXFileReference; fileEncoding = 4; lastKnownFileType = sourcecode.c.objc; path = BGTStatisticsViewController.m; sourceTree = "<group>"; };
		36AA640415B310C500128DA0 /* MapKit.framework */ = {isa = PBXFileReference; lastKnownFileType = wrapper.framework; name = MapKit.framework; path = System/Library/Frameworks/MapKit.framework; sourceTree = SDKROOT; };
		36AA640615B314AD00128DA0 /* BGTMapViewController.h */ = {isa = PBXFileReference; fileEncoding = 4; lastKnownFileType = sourcecode.c.h; path = BGTMapViewController.h; sourceTree = "<group>"; };
		36AA640715B314AD00128DA0 /* BGTMapViewController.m */ = {isa = PBXFileReference; fileEncoding = 4; lastKnownFileType = sourcecode.c.objc; path = BGTMapViewController.m; sourceTree = "<group>"; };
		36AA640915B352BB00128DA0 /* BGTSocketEventListener.h */ = {isa = PBXFileReference; lastKnownFileType = sourcecode.c.h; path = BGTSocketEventListener.h; sourceTree = "<group>"; };
		36AA640D15B610AF00128DA0 /* map_pin.png */ = {isa = PBXFileReference; lastKnownFileType = image.png; path = map_pin.png; sourceTree = "<group>"; };
		36AA642715B8A37500128DA0 /* server.crt */ = {isa = PBXFileReference; lastKnownFileType = file; path = server.crt; sourceTree = "<group>"; };
		36AA642A15B9D93200128DA0 /* map_pin@2x.png */ = {isa = PBXFileReference; lastKnownFileType = image.png; path = "map_pin@2x.png"; sourceTree = "<group>"; };
		36AB05B115A9FE7E00560928 /* Security.framework */ = {isa = PBXFileReference; lastKnownFileType = wrapper.framework; name = Security.framework; path = System/Library/Frameworks/Security.framework; sourceTree = SDKROOT; };
		36AB05B315A9FE8B00560928 /* libicucore.dylib */ = {isa = PBXFileReference; lastKnownFileType = "compiled.mach-o.dylib"; name = libicucore.dylib; path = usr/lib/libicucore.dylib; sourceTree = SDKROOT; };
		36AB05B515A9FEFF00560928 /* BGTSocket.h */ = {isa = PBXFileReference; fileEncoding = 4; lastKnownFileType = sourcecode.c.h; path = BGTSocket.h; sourceTree = "<group>"; };
		36AB05B615A9FEFF00560928 /* BGTSocket.m */ = {isa = PBXFileReference; fileEncoding = 4; lastKnownFileType = sourcecode.c.objc; path = BGTSocket.m; sourceTree = "<group>"; };
		36AB05B815AA161500560928 /* libSocketRocket.a */ = {isa = PBXFileReference; lastKnownFileType = archive.ar; name = libSocketRocket.a; path = "../../Library/Developer/Xcode/DerivedData/SocketRocket-bbdqfahhynxopienecpqsueqzoht/Build/Products/Debug-iphonesimulator/libSocketRocket.a"; sourceTree = "<group>"; };
		36AB05BA15AA1BAE00560928 /* CoreLocation.framework */ = {isa = PBXFileReference; lastKnownFileType = wrapper.framework; name = CoreLocation.framework; path = System/Library/Frameworks/CoreLocation.framework; sourceTree = SDKROOT; };
		36AB05BD15AA1FCB00560928 /* GPSDelegate.h */ = {isa = PBXFileReference; fileEncoding = 4; lastKnownFileType = sourcecode.c.h; name = GPSDelegate.h; path = ../GPSDelegate.h; sourceTree = "<group>"; };
		36AB05BE15AA1FCB00560928 /* GPSDelegate.m */ = {isa = PBXFileReference; fileEncoding = 4; lastKnownFileType = sourcecode.c.objc; name = GPSDelegate.m; path = ../GPSDelegate.m; sourceTree = "<group>"; };
		36AB05C115AA255E00560928 /* Sample Track.gpx */ = {isa = PBXFileReference; lastKnownFileType = text.xml; path = "Sample Track.gpx"; sourceTree = "<group>"; };
		36AB05D315AA31BA00560928 /* libsbjson-ios.a */ = {isa = PBXFileReference; lastKnownFileType = archive.ar; name = "libsbjson-ios.a"; path = "../../Library/Developer/Xcode/DerivedData/SBJson-bkrqcbzfsyfflecrivoximytggxj/Build/Products/Debug-iphonesimulator/libsbjson-ios.a"; sourceTree = "<group>"; };
		36AB05D515AB4DD200560928 /* Settings.bundle */ = {isa = PBXFileReference; lastKnownFileType = "wrapper.plug-in"; path = Settings.bundle; sourceTree = "<group>"; };
		36AB05D715AB69C000560928 /* BGTSocketCommand.h */ = {isa = PBXFileReference; fileEncoding = 4; lastKnownFileType = sourcecode.c.h; path = BGTSocketCommand.h; sourceTree = "<group>"; };
		36AB05D815AB69C000560928 /* BGTSocketCommand.m */ = {isa = PBXFileReference; fileEncoding = 4; lastKnownFileType = sourcecode.c.objc; path = BGTSocketCommand.m; sourceTree = "<group>"; };
		36AB05EF15ACA79300560928 /* icon-57.png */ = {isa = PBXFileReference; lastKnownFileType = image.png; path = "icon-57.png"; sourceTree = "<group>"; };
		36AB05F115ACA7A200560928 /* icon-114.png */ = {isa = PBXFileReference; lastKnownFileType = image.png; path = "icon-114.png"; sourceTree = "<group>"; };
		36AB05F315ACA7AE00560928 /* icon-72.png */ = {isa = PBXFileReference; lastKnownFileType = image.png; path = "icon-72.png"; sourceTree = "<group>"; };
		36AB05F515ACA7B100560928 /* icon-144.png */ = {isa = PBXFileReference; lastKnownFileType = image.png; path = "icon-144.png"; sourceTree = "<group>"; };
		8D1107310486CEB800E47090 /* Bladeguard Tracker-Info.plist */ = {isa = PBXFileReference; fileEncoding = 4; lastKnownFileType = text.plist.xml; path = "Bladeguard Tracker-Info.plist"; plistStructureDefinitionIdentifier = "com.apple.xcode.plist.structure-definition.iphone.info-plist"; sourceTree = "<group>"; };
/* End PBXFileReference section */

/* Begin PBXFrameworksBuildPhase section */
		1D60588F0D05DD3D006BFB54 /* Frameworks */ = {
			isa = PBXFrameworksBuildPhase;
			buildActionMask = 2147483647;
			files = (
				36AA640515B310C500128DA0 /* MapKit.framework in Frameworks */,
				36AB05BB15AA1BAE00560928 /* CoreLocation.framework in Frameworks */,
				1D60589F0D05DD5A006BFB54 /* Foundation.framework in Frameworks */,
				36AB05B415A9FE8B00560928 /* libicucore.dylib in Frameworks */,
				36AB05B215A9FE7E00560928 /* Security.framework in Frameworks */,
				361531D015A7605200B6FA79 /* CFNetwork.framework in Frameworks */,
				1DF5F4E00D08C38300B7A737 /* UIKit.framework in Frameworks */,
				288765A50DF7441C002DB57D /* CoreGraphics.framework in Frameworks */,
				36AB05B915AA161500560928 /* libSocketRocket.a in Frameworks */,
				36AB05D415AA31BA00560928 /* libsbjson-ios.a in Frameworks */,
			);
			runOnlyForDeploymentPostprocessing = 0;
		};
/* End PBXFrameworksBuildPhase section */

/* Begin PBXGroup section */
		080E96DDFE201D6D7F000001 /* Classes */ = {
			isa = PBXGroup;
			children = (
				36AB05BD15AA1FCB00560928 /* GPSDelegate.h */,
				36AB05BE15AA1FCB00560928 /* GPSDelegate.m */,
				1D3623240D0F684500981E51 /* BladeGuardTrackerAppDelegate.h */,
				1D3623250D0F684500981E51 /* BladeGuardTrackerAppDelegate.m */,
				28D7ACF60DDB3853001CB0EB /* BladeGuardTrackerViewController.h */,
				28D7ACF70DDB3853001CB0EB /* BladeGuardTrackerViewController.m */,
				36AB05B515A9FEFF00560928 /* BGTSocket.h */,
				36AB05B615A9FEFF00560928 /* BGTSocket.m */,
				36AB05D715AB69C000560928 /* BGTSocketCommand.h */,
				36AB05D815AB69C000560928 /* BGTSocketCommand.m */,
				36AA640115B30AD200128DA0 /* BGTStatisticsViewController.h */,
				36AA640215B30AD200128DA0 /* BGTStatisticsViewController.m */,
				36AA640615B314AD00128DA0 /* BGTMapViewController.h */,
				36AA640715B314AD00128DA0 /* BGTMapViewController.m */,
				36AA640915B352BB00128DA0 /* BGTSocketEventListener.h */,
			);
			path = Classes;
			sourceTree = "<group>";
		};
		19C28FACFE9D520D11CA2CBB /* Products */ = {
			isa = PBXGroup;
			children = (
				1D6058910D05DD3D006BFB54 /* Bladeguard Tracker.app */,
			);
			name = Products;
			sourceTree = "<group>";
		};
		29B97314FDCFA39411CA2CEA /* CustomTemplate */ = {
			isa = PBXGroup;
			children = (
				3609B57215B2CDCD0004EE0F /* Storyboard.storyboard */,
				36AB05D515AB4DD200560928 /* Settings.bundle */,
				36AB05C115AA255E00560928 /* Sample Track.gpx */,
				36AB05BC15AA1BC200560928 /* Libraries */,
				080E96DDFE201D6D7F000001 /* Classes */,
				29B97315FDCFA39411CA2CEA /* Other Sources */,
				29B97317FDCFA39411CA2CEA /* Resources */,
				29B97323FDCFA39411CA2CEA /* Frameworks */,
				19C28FACFE9D520D11CA2CBB /* Products */,
			);
			name = CustomTemplate;
			sourceTree = "<group>";
		};
		29B97315FDCFA39411CA2CEA /* Other Sources */ = {
			isa = PBXGroup;
			children = (
				32CA4F630368D1EE00C91783 /* Bladeguard Tracker_Prefix.pch */,
				29B97316FDCFA39411CA2CEA /* main.m */,
			);
			name = "Other Sources";
			sourceTree = "<group>";
		};
		29B97317FDCFA39411CA2CEA /* Resources */ = {
			isa = PBXGroup;
			children = (
				36912EF615C5D83F00B626B8 /* box.png */,
				36AA642A15B9D93200128DA0 /* map_pin@2x.png */,
				36AA642715B8A37500128DA0 /* server.crt */,
				36AA640D15B610AF00128DA0 /* map_pin.png */,
				36AB05F715ACA89500560928 /* icons */,
				8D1107310486CEB800E47090 /* Bladeguard Tracker-Info.plist */,
			);
			name = Resources;
			sourceTree = "<group>";
		};
		29B97323FDCFA39411CA2CEA /* Frameworks */ = {
			isa = PBXGroup;
			children = (
				36AA640415B310C500128DA0 /* MapKit.framework */,
				36AB05BA15AA1BAE00560928 /* CoreLocation.framework */,
				36AB05B315A9FE8B00560928 /* libicucore.dylib */,
				36AB05B115A9FE7E00560928 /* Security.framework */,
				361531CF15A7605200B6FA79 /* CFNetwork.framework */,
				1DF5F4DF0D08C38300B7A737 /* UIKit.framework */,
				1D30AB110D05D00D00671497 /* Foundation.framework */,
				288765A40DF7441C002DB57D /* CoreGraphics.framework */,
			);
			name = Frameworks;
			sourceTree = "<group>";
		};
		36AB05BC15AA1BC200560928 /* Libraries */ = {
			isa = PBXGroup;
			children = (
				36AB05B815AA161500560928 /* libSocketRocket.a */,
				36AB05D315AA31BA00560928 /* libsbjson-ios.a */,
			);
			name = Libraries;
			sourceTree = "<group>";
		};
		36AB05F715ACA89500560928 /* icons */ = {
			isa = PBXGroup;
			children = (
				36AB05F515ACA7B100560928 /* icon-144.png */,
				36AB05F315ACA7AE00560928 /* icon-72.png */,
				36AB05F115ACA7A200560928 /* icon-114.png */,
				36AB05EF15ACA79300560928 /* icon-57.png */,
			);
			name = icons;
			sourceTree = "<group>";
		};
/* End PBXGroup section */

/* Begin PBXNativeTarget section */
		1D6058900D05DD3D006BFB54 /* Bladeguard Tracker */ = {
			isa = PBXNativeTarget;
			buildConfigurationList = 1D6058960D05DD3E006BFB54 /* Build configuration list for PBXNativeTarget "Bladeguard Tracker" */;
			buildPhases = (
				1D60588D0D05DD3D006BFB54 /* Resources */,
				1D60588E0D05DD3D006BFB54 /* Sources */,
				1D60588F0D05DD3D006BFB54 /* Frameworks */,
			);
			buildRules = (
			);
			dependencies = (
			);
			name = "Bladeguard Tracker";
			productName = BladeGuardTracker;
			productReference = 1D6058910D05DD3D006BFB54 /* Bladeguard Tracker.app */;
			productType = "com.apple.product-type.application";
		};
/* End PBXNativeTarget section */

/* Begin PBXProject section */
		29B97313FDCFA39411CA2CEA /* Project object */ = {
			isa = PBXProject;
			attributes = {
				LastUpgradeCheck = 0430;
			};
			buildConfigurationList = C01FCF4E08A954540054247B /* Build configuration list for PBXProject "Bladeguard Tracker" */;
			compatibilityVersion = "Xcode 3.2";
			developmentRegion = English;
			hasScannedForEncodings = 1;
			knownRegions = (
				English,
				Japanese,
				French,
				German,
			);
			mainGroup = 29B97314FDCFA39411CA2CEA /* CustomTemplate */;
			projectDirPath = "";
			projectRoot = "";
			targets = (
				1D6058900D05DD3D006BFB54 /* Bladeguard Tracker */,
			);
		};
/* End PBXProject section */

/* Begin PBXResourcesBuildPhase section */
		1D60588D0D05DD3D006BFB54 /* Resources */ = {
			isa = PBXResourcesBuildPhase;
			buildActionMask = 2147483647;
			files = (
				36AB05D615AB4DD200560928 /* Settings.bundle in Resources */,
				36AB05F015ACA79300560928 /* icon-57.png in Resources */,
				36AB05F215ACA7A200560928 /* icon-114.png in Resources */,
				36AB05F415ACA7AE00560928 /* icon-72.png in Resources */,
				36AB05F615ACA7B100560928 /* icon-144.png in Resources */,
				3609B57315B2CDCD0004EE0F /* Storyboard.storyboard in Resources */,
				36AA640E15B610AF00128DA0 /* map_pin.png in Resources */,
				36AA642815B8A37500128DA0 /* server.crt in Resources */,
				36AA642B15B9D93200128DA0 /* map_pin@2x.png in Resources */,
				36912EF715C5D83F00B626B8 /* box.png in Resources */,
			);
			runOnlyForDeploymentPostprocessing = 0;
		};
/* End PBXResourcesBuildPhase section */

/* Begin PBXSourcesBuildPhase section */
		1D60588E0D05DD3D006BFB54 /* Sources */ = {
			isa = PBXSourcesBuildPhase;
			buildActionMask = 2147483647;
			files = (
				1D60589B0D05DD56006BFB54 /* main.m in Sources */,
				1D3623260D0F684500981E51 /* BladeGuardTrackerAppDelegate.m in Sources */,
				28D7ACF80DDB3853001CB0EB /* BladeGuardTrackerViewController.m in Sources */,
				36AB05B715A9FEFF00560928 /* BGTSocket.m in Sources */,
				36AB05BF15AA1FCB00560928 /* GPSDelegate.m in Sources */,
				36AB05D915AB69C100560928 /* BGTSocketCommand.m in Sources */,
				36AA640315B30AD200128DA0 /* BGTStatisticsViewController.m in Sources */,
				36AA640815B314AD00128DA0 /* BGTMapViewController.m in Sources */,
			);
			runOnlyForDeploymentPostprocessing = 0;
		};
/* End PBXSourcesBuildPhase section */

/* Begin XCBuildConfiguration section */
		1D6058940D05DD3E006BFB54 /* Debug */ = {
			isa = XCBuildConfiguration;
			buildSettings = {
				ALWAYS_SEARCH_USER_PATHS = NO;
				CLANG_ENABLE_OBJC_ARC = YES;
				COPY_PHASE_STRIP = NO;
				GCC_DYNAMIC_NO_PIC = NO;
				GCC_OPTIMIZATION_LEVEL = 0;
				GCC_PRECOMPILE_PREFIX_HEADER = YES;
				GCC_PREFIX_HEADER = "Bladeguard Tracker_Prefix.pch";
				GCC_VERSION = com.apple.compilers.llvm.clang.1_0;
				INFOPLIST_FILE = "Bladeguard Tracker-Info.plist";
				IPHONEOS_DEPLOYMENT_TARGET = 5.1;
				LIBRARY_SEARCH_PATHS = (
					"$(inherited)",
					"\"$(SRCROOT)\"",
					"\"$(SRCROOT)/../../Library/Developer/Xcode/DerivedData/SocketRocket-bbdqfahhynxopienecpqsueqzoht/Build/Products/Debug-iphonesimulator\"",
					"\"$(SRCROOT)/../../Library/Developer/Xcode/DerivedData/SBJson-bkrqcbzfsyfflecrivoximytggxj/Build/Products/Debug-iphonesimulator\"",
				);
				PRODUCT_NAME = "Bladeguard Tracker";
				TARGETED_DEVICE_FAMILY = "1,2";
			};
			name = Debug;
		};
		1D6058950D05DD3E006BFB54 /* Release */ = {
			isa = XCBuildConfiguration;
			buildSettings = {
				ALWAYS_SEARCH_USER_PATHS = NO;
				CLANG_ENABLE_OBJC_ARC = YES;
				COPY_PHASE_STRIP = YES;
				GCC_PRECOMPILE_PREFIX_HEADER = YES;
				GCC_PREFIX_HEADER = "Bladeguard Tracker_Prefix.pch";
				GCC_VERSION = com.apple.compilers.llvm.clang.1_0;
				INFOPLIST_FILE = "Bladeguard Tracker-Info.plist";
				IPHONEOS_DEPLOYMENT_TARGET = 5.1;
				LIBRARY_SEARCH_PATHS = (
					"$(inherited)",
					"\"$(SRCROOT)\"",
					"\"$(SRCROOT)/../../Library/Developer/Xcode/DerivedData/SocketRocket-bbdqfahhynxopienecpqsueqzoht/Build/Products/Debug-iphonesimulator\"",
					"\"$(SRCROOT)/../../Library/Developer/Xcode/DerivedData/SBJson-bkrqcbzfsyfflecrivoximytggxj/Build/Products/Debug-iphonesimulator\"",
				);
				PRODUCT_NAME = "Bladeguard Tracker";
				TARGETED_DEVICE_FAMILY = "1,2";
				VALIDATE_PRODUCT = YES;
			};
			name = Release;
		};
		C01FCF4F08A954540054247B /* Debug */ = {
			isa = XCBuildConfiguration;
			buildSettings = {
				ARCHS = "$(ARCHS_STANDARD_32_BIT)";
				CODE_SIGN_IDENTITY = "iPhone Distribution";
				"CODE_SIGN_IDENTITY[sdk=iphoneos*]" = "iPhone Distribution: Jakob Ketterl";
				GCC_C_LANGUAGE_STANDARD = c99;
				GCC_WARN_ABOUT_RETURN_TYPE = YES;
				GCC_WARN_UNUSED_VARIABLE = YES;
				HEADER_SEARCH_PATHS = (
					/Users/jakob/Documents/SocketRocket,
					"/Users/jakob/Documents/json-framework",
				);
				IPHONEOS_DEPLOYMENT_TARGET = 5.1;
				LIBRARY_SEARCH_PATHS = (
					"/Users/jakob/Library/Developer/Xcode/DerivedData/SocketRocket-bbdqfahhynxopienecpqsueqzoht/Build/Products/$(CONFIGURATION)$(EFFECTIVE_PLATFORM_NAME)",
					"/Users/jakob/Library/Developer/Xcode/DerivedData/SBJson-bkrqcbzfsyfflecrivoximytggxj/Build/Products/$(CONFIGURATION)$(EFFECTIVE_PLATFORM_NAME)",
				);
				OTHER_LDFLAGS = "-ObjC";
				PROVISIONING_PROFILE = "";
				"PROVISIONING_PROFILE[sdk=iphoneos*]" = "ED99770C-7582-4C53-8BA3-E91CB886A868";
				SDKROOT = iphoneos;
			};
			name = Debug;
		};
		C01FCF5008A954540054247B /* Release */ = {
			isa = XCBuildConfiguration;
			buildSettings = {
				ARCHS = "$(ARCHS_STANDARD_32_BIT)";
				CODE_SIGN_IDENTITY = "iPhone Distribution";
				"CODE_SIGN_IDENTITY[sdk=iphoneos*]" = "iPhone Distribution";
				GCC_C_LANGUAGE_STANDARD = c99;
				GCC_WARN_ABOUT_RETURN_TYPE = YES;
				GCC_WARN_UNUSED_VARIABLE = YES;
				HEADER_SEARCH_PATHS = (
					/Users/jakob/Documents/SocketRocket,
					"/Users/jakob/Documents/json-framework",
				);
				IPHONEOS_DEPLOYMENT_TARGET = 5.1;
				LIBRARY_SEARCH_PATHS = (
					"/Users/jakob/Library/Developer/Xcode/DerivedData/SocketRocket-bbdqfahhynxopienecpqsueqzoht/Build/Products/$(CONFIGURATION)$(EFFECTIVE_PLATFORM_NAME)",
					"/Users/jakob/Library/Developer/Xcode/DerivedData/SBJson-bkrqcbzfsyfflecrivoximytggxj/Build/Products/$(CONFIGURATION)$(EFFECTIVE_PLATFORM_NAME)",
				);
				OTHER_CFLAGS = "-DNS_BLOCK_ASSERTIONS=1";
				OTHER_LDFLAGS = "-ObjC";
				PROVISIONING_PROFILE = "";
				"PROVISIONING_PROFILE[sdk=iphoneos*]" = "";
				SDKROOT = iphoneos;
			};
			name = Release;
		};
/* End XCBuildConfiguration section */

/* Begin XCConfigurationList section */
		1D6058960D05DD3E006BFB54 /* Build configuration list for PBXNativeTarget "Bladeguard Tracker" */ = {
			isa = XCConfigurationList;
			buildConfigurations = (
				1D6058940D05DD3E006BFB54 /* Debug */,
				1D6058950D05DD3E006BFB54 /* Release */,
			);
			defaultConfigurationIsVisible = 0;
			defaultConfigurationName = Release;
		};
		C01FCF4E08A954540054247B /* Build configuration list for PBXProject "Bladeguard Tracker" */ = {
			isa = XCConfigurationList;
			buildConfigurations = (
				C01FCF4F08A954540054247B /* Debug */,
				C01FCF5008A954540054247B /* Release */,
			);
			defaultConfigurationIsVisible = 0;
			defaultConfigurationName = Release;
		};
/* End XCConfigurationList section */
	};
	rootObject = 29B97313FDCFA39411CA2CEA /* Project object */;
}
